# THIS IS AN AUTOGENERATED FILE. DO NOT EDIT THIS FILE DIRECTLY.
# yarn lockfile v1


argparse@^2.0.1:
  version "2.0.1"
  resolved "https://registry.yarnpkg.com/argparse/-/argparse-2.0.1.tgz#246f50f3ca78a3240f6c997e8a9bd1eac49e4b38"
  integrity sha512-8+9WqebbFzpX9OR+Wa6O29asIogeRMzcGtAINdpMHHyAg10f05aSFVBbcEqGf/PXw1EjAZ+q2/bEBg3DvurK3Q==

"emoji-regex@>=6.0.0 <=6.1.1":
  version "6.1.1"
  resolved "https://registry.yarnpkg.com/emoji-regex/-/emoji-regex-6.1.1.tgz#c6cd0ec1b0642e2a3c67a1137efc5e796da4f88e"
  integrity sha1-xs0OwbBkLio8Z6ETfvxeeW2k+I4=

entities@^4.4.0:
  version "4.5.0"
  resolved "https://registry.yarnpkg.com/entities/-/entities-4.5.0.tgz#5d268ea5e7113ec74c4d033b79ea5a35a488fb48"
  integrity sha512-V0hjH4dGPh9Ao5p0MoRY6BVqtwCjhz6vI5LT8AJ55H+4g9/4vbHx1I54fS0XuclLhDHArPQCiMjDxjaL8fPxhw==

github-slugger@^1.2.1:
  version "1.3.0"
  resolved "https://registry.yarnpkg.com/github-slugger/-/github-slugger-1.3.0.tgz#9bd0a95c5efdfc46005e82a906ef8e2a059124c9"
  integrity sha512-gwJScWVNhFYSRDvURk/8yhcFBee6aFjye2a7Lhb2bUyRulpIoek9p0I9Kt7PT67d/nUlZbFu8L9RLiA0woQN8Q==
  dependencies:
    emoji-regex ">=6.0.0 <=6.1.1"

highlight.js@^10.2.0:
  version "10.7.3"
  resolved "https://registry.yarnpkg.com/highlight.js/-/highlight.js-10.7.3.tgz#697272e3991356e40c3cac566a74eef681756531"
  integrity sha512-tzcUFauisWKNHaRkN4Wjl/ZA07gENAjFl3J/c480dprkGTg5EQstgaNFqBfUqCq54kZRIEcreTsAgF/m2quD7A==

highlightjs-cypher@^1.1.1:
  version "1.1.1"
  resolved "https://registry.yarnpkg.com/highlightjs-cypher/-/highlightjs-cypher-1.1.1.tgz#6feec1d951cff6f42e6541bafbe6d1d4eeda99d0"
  integrity sha512-clBIGVAI4s/f+SLcoBN0Hf5rtt/xt8pA7qdFU/04IGZUQZTYmggq3zYo67zGZfMyPPY9ju0060Y5kVPoVIe45g==

linkify-it@^5.0.1:
  version "5.0.2"
  resolved "https://registry.yarnpkg.com/linkify-it/-/linkify-it-5.0.2.tgz#d3be0a693af3da9df3883f1e346a0e97461a8c19"
  integrity sha512-ONTm2jCMAVZjgQa/Fy1kScXsuOoF5NPTsoFBdE1KVIZ2vAh/r9+Bqo+0jINCBYnavTPQZz38QzFTme79ENoN3Q==
  dependencies:
    uc.micro "^2.0.0"

lodash.flow@^3.5.0:
  version "3.5.0"
  resolved "https://registry.yarnpkg.com/lodash.flow/-/lodash.flow-3.5.0.tgz#87bf40292b8cf83e4e8ce1a3ae4209e20071675a"
  integrity sha1-h79AKSuM+D5OjOGjrkIJ4gBxZ1o=

markdown-it-github@^0.5.0:
  version "0.5.0"
  resolved "https://registry.yarnpkg.com/markdown-it-github/-/markdown-it-github-0.5.0.tgz#4fbfd5736cc65706148f42890bdd340eb8eda466"
  integrity sha512-ycHCFnPLSP9dlkcX/3yFzLhO9ZwHHYPIeqhFN9P7vnqWSpL56lbYganMbBU8u5H7b91qk6affHyYb2pMPbnMAQ==
  dependencies:
    github-slugger "^1.2.1"
    markdown-it-theme "^0.2.0"

markdown-it-highlightjs@^3.3.1:
  version "3.3.1"
  resolved "https://registry.yarnpkg.com/markdown-it-highlightjs/-/markdown-it-highlightjs-3.3.1.tgz#38403610487292b8a1ae2d1acc7bb66e4ede6be8"
  integrity sha512-T9L+37CC+H/aQWHbHCpmo6FvSH2imqXYjZj/Tj064UmPn0aCne/bAtSORo6W5x7BdLIWwbTR20xrdlKDAq0M6w==
  dependencies:
    highlight.js "^10.2.0"
    lodash.flow "^3.5.0"

markdown-it-include@^1.1.0:
  version "1.1.1"
  resolved "https://registry.yarnpkg.com/markdown-it-include/-/markdown-it-include-1.1.1.tgz#7015209f7b64365d32bb6ccc25366bc15d3eadc9"
  integrity sha512-jDWIHhOtiQkFIc6BqXqXK1r4LfCxKFOWtsdvwZjLw5zZaWk64n71lE5HWHtzyVvfDudYWxR+tH0hO10B2I1e3w==

markdown-it-textual-uml@^0.1.3:
  version "0.1.3"
  resolved "https://registry.yarnpkg.com/markdown-it-textual-uml/-/markdown-it-textual-uml-0.1.3.tgz#99835e337298ef5f2d0fa9fc96addd884316bd02"
  integrity sha512-AMOt7HSOMnzJZ6KQq3wRimvTBc70ZxyVO97zHX66YXibykG/w2+iqNuDbjn/GlAyBU1WATdKkLAJNQ3ZsGWOkQ==

markdown-it-theme@^0.2.0:
  version "0.2.0"
  resolved "https://registry.yarnpkg.com/markdown-it-theme/-/markdown-it-theme-0.2.0.tgz#9b06cb1cdace7d9d96f10a04a5d18813ae58ab2d"
  integrity sha512-3R9tXmfP/7ilkRsm6o82GRdEMm5jJ8/s5OgdFB2wZC8VK5fJJLL0hxHGhu38wg+nBX7COBrvRN/QmrT3xybj/g==

markdown-it@^14.2.0:
  version "14.2.0"
  resolved "https://registry.yarnpkg.com/markdown-it/-/markdown-it-14.2.0.tgz#06d48d9035e77d5b1c85adb315482fc8240289ef"
  integrity sha512-1TGiQiJVRQ3NPmZH6sx5Cfnmg6GQm9jvC1ch4TK511NjSJvjzKLzn5pPfZRNZkRPZP0HqCioSndqH8v2nRaWVQ==
  dependencies:
    argparse "^2.0.1"
    entities "^4.4.0"
    linkify-it "^5.0.1"
    mdurl "^2.0.0"
    punycode.js "^2.3.1"
    uc.micro "^2.1.0"

mdurl@^2.0.0:
  version "2.0.0"
  resolved "https://registry.yarnpkg.com/mdurl/-/mdurl-2.0.0.tgz#80676ec0433025dd3e17ee983d0fe8de5a2237e0"
  integrity sha512-Lf+9+2r+Tdp5wXDXC4PcIBjTDtq4UKjCPMQhKIuzpJNW0b96kVqSwW0bT7FhRSfmAiFYgP+SCRvdrDozfh0U5w==

punycode.js@^2.3.1:
  version "2.3.1"
  resolved "https://registry.yarnpkg.com/punycode.js/-/punycode.js-2.3.1.tgz#6b53e56ad75588234e79f4affa90972c7dd8cdb7"
  integrity sha512-uxFIHU0YlHYhDQtV4R9J6a52SLx28BCjT+4ieh7IGbgwVJWO+km431c4yRlREUAsAmt/uMjQUyQHNEPf0M39CA==

uc.micro@^2.0.0, uc.micro@^2.1.0:
  version "2.1.0"
  resolved "https://registry.yarnpkg.com/uc.micro/-/uc.micro-2.1.0.tgz#f8d3f7d0ec4c3dea35a7e3c8efa4cb8b45c9e7ee"
  integrity sha512-ARDJmphmdvUk6Glw7y9DQ2bFkKBHwQHLi2lsaH6PPmz/Ka9sFOBsBluozhDltWmnv9u/cF6Rt87znRTPV+yp/A==
