# THIS IS AN AUTOGENERATED FILE. DO NOT EDIT THIS FILE DIRECTLY.
# yarn lockfile v1


argparse@^2.0.1:
  version "2.0.1"
  resolved "https://registry.yarnpkg.com/argparse/-/argparse-2.0.1.tgz#246f50f3ca78a3240f6c997e8a9bd1eac49e4b38"
  integrity sha512-8+9WqebbFzpX9OR+Wa6O29asIogeRMzcGtAINdpMHHyAg10f05aSFVBbcEqGf/PXw1EjAZ+q2/bEBg3DvurK3Q==

"emoji-regex@>=6.0.0 <=6.1.1":
  version "6.1.1"
  resolved "https://registry.yarnpkg.com/emoji-regex/-/emoji-regex-6.1.1.tgz#c6cd0ec1b0642e2a3c67a1137efc5e796da4f88e"
  integrity sha1-xs0OwbBkLio8Z6ETfvxeeW2k+I4=

entities@~2.1.0:
  version "2.1.0"
  resolved "https://registry.yarnpkg.com/entities/-/entities-2.1.0.tgz#992d3129cf7df6870b96c57858c249a120f8b8b5"
  integrity sha512-hCx1oky9PFrJ611mf0ifBLBRW8lUUVRlFolb5gWRfIELabBlbp9xZvrqZLZAs+NxFnbfQoeGd8wDkygjg7U85w==

github-slugger@^1.2.1:
  version "1.3.0"
  resolved "https://registry.yarnpkg.com/github-slugger/-/github-slugger-1.3.0.tgz#9bd0a95c5efdfc46005e82a906ef8e2a059124c9"
  integrity sha512-gwJScWVNhFYSRDvURk/8yhcFBee6aFjye2a7Lhb2bUyRulpIoek9p0I9Kt7PT67d/nUlZbFu8L9RLiA0woQN8Q==
  dependencies:
    emoji-regex ">=6.0.0 <=6.1.1"

highlight.js@^10.2.0:
  version "10.7.3"
  resolved "https://registry.yarnpkg.com/highlight.js/-/highlight.js-10.7.3.tgz#697272e3991356e40c3cac566a74eef681756531"
  integrity sha512-tzcUFauisWKNHaRkN4Wjl/ZA07gENAjFl3J/c480dprkGTg5EQstgaNFqBfUqCq54kZRIEcreTsAgF/m2quD7A==

highlightjs-cypher@^1.1.1:
  version "1.1.1"
  resolved "https://registry.yarnpkg.com/highlightjs-cypher/-/highlightjs-cypher-1.1.1.tgz#6feec1d951cff6f42e6541bafbe6d1d4eeda99d0"
  integrity sha512-clBIGVAI4s/f+SLcoBN0Hf5rtt/xt8pA7qdFU/04IGZUQZTYmggq3zYo67zGZfMyPPY9ju0060Y5kVPoVIe45g==

linkify-it@^3.0.1:
  version "3.0.3"
  resolved "https://registry.yarnpkg.com/linkify-it/-/linkify-it-3.0.3.tgz#a98baf44ce45a550efb4d49c769d07524cc2fa2e"
  integrity sha512-ynTsyrFSdE5oZ/O9GEf00kPngmOfVwazR5GKDq6EYfhlpFug3J2zybX56a2PRRpc9P+FuSoGNAwjlbDs9jJBPQ==
  dependencies:
    uc.micro "^1.0.1"

lodash.flow@^3.5.0:
  version "3.5.0"
  resolved "https://registry.yarnpkg.com/lodash.flow/-/lodash.flow-3.5.0.tgz#87bf40292b8cf83e4e8ce1a3ae4209e20071675a"
  integrity sha1-h79AKSuM+D5OjOGjrkIJ4gBxZ1o=

markdown-it-github@^0.5.0:
  version "0.5.0"
  resolved "https://registry.yarnpkg.com/markdown-it-github/-/markdown-it-github-0.5.0.tgz#4fbfd5736cc65706148f42890bdd340eb8eda466"
  integrity sha512-ycHCFnPLSP9dlkcX/3yFzLhO9ZwHHYPIeqhFN9P7vnqWSpL56lbYganMbBU8u5H7b91qk6affHyYb2pMPbnMAQ==
  dependencies:
    github-slugger "^1.2.1"
    markdown-it-theme "^0.2.0"

markdown-it-highlightjs@^3.3.1:
  version "3.3.1"
  resolved "https://registry.yarnpkg.com/markdown-it-highlightjs/-/markdown-it-highlightjs-3.3.1.tgz#38403610487292b8a1ae2d1acc7bb66e4ede6be8"
  integrity sha512-T9L+37CC+H/aQWHbHCpmo6FvSH2imqXYjZj/Tj064UmPn0aCne/bAtSORo6W5x7BdLIWwbTR20xrdlKDAq0M6w==
  dependencies:
    highlight.js "^10.2.0"
    lodash.flow "^3.5.0"

markdown-it-include@^1.1.0:
  version "1.1.1"
  resolved "https://registry.yarnpkg.com/markdown-it-include/-/markdown-it-include-1.1.1.tgz#7015209f7b64365d32bb6ccc25366bc15d3eadc9"
  integrity sha512-jDWIHhOtiQkFIc6BqXqXK1r4LfCxKFOWtsdvwZjLw5zZaWk64n71lE5HWHtzyVvfDudYWxR+tH0hO10B2I1e3w==

markdown-it-textual-uml@^0.1.3:
  version "0.1.3"
  resolved "https://registry.yarnpkg.com/markdown-it-textual-uml/-/markdown-it-textual-uml-0.1.3.tgz#99835e337298ef5f2d0fa9fc96addd884316bd02"
  integrity sha512-AMOt7HSOMnzJZ6KQq3wRimvTBc70ZxyVO97zHX66YXibykG/w2+iqNuDbjn/GlAyBU1WATdKkLAJNQ3ZsGWOkQ==

markdown-it-theme@^0.2.0:
  version "0.2.0"
  resolved "https://registry.yarnpkg.com/markdown-it-theme/-/markdown-it-theme-0.2.0.tgz#9b06cb1cdace7d9d96f10a04a5d18813ae58ab2d"
  integrity sha512-3R9tXmfP/7ilkRsm6o82GRdEMm5jJ8/s5OgdFB2wZC8VK5fJJLL0hxHGhu38wg+nBX7COBrvRN/QmrT3xybj/g==

markdown-it@^12.3.2:
  version "12.3.2"
  resolved "https://registry.yarnpkg.com/markdown-it/-/markdown-it-12.3.2.tgz#bf92ac92283fe983fe4de8ff8abfb5ad72cd0c90"
  integrity sha512-TchMembfxfNVpHkbtriWltGWc+m3xszaRD0CZup7GFFhzIgQqxIfn3eGj1yZpfuflzPvfkt611B2Q/Bsk1YnGg==
  dependencies:
    argparse "^2.0.1"
    entities "~2.1.0"
    linkify-it "^3.0.1"
    mdurl "^1.0.1"
    uc.micro "^1.0.5"

mdurl@^1.0.1:
  version "1.0.1"
  resolved "https://registry.yarnpkg.com/mdurl/-/mdurl-1.0.1.tgz#fe85b2ec75a59037f2adfec100fd6c601761152e"
  integrity sha1-/oWy7HWlkDfyrf7BAP1sYBdhFS4=

uc.micro@^1.0.1, uc.micro@^1.0.5:
  version "1.0.6"
  resolved "https://registry.yarnpkg.com/uc.micro/-/uc.micro-1.0.6.tgz#9c411a802a409a91fc6cf74081baba34b24499ac"
  integrity sha512-8Y75pvTYkLJW2hWQHXxoqRgV7qb9B+9vFEtidML+7koHUFapnVJAZ6cKs+Qjz5Aw3aZWHMC6u0wJE3At+nSGwA==
